
Microsoft Visual Studio Solution File, Format Version 10.00
# Visual Studio 2008
Project("{FAE04EC0-301F-11D3-BF4B-00C04F79EFBC}") = "WiFiPPT", "WiFiPPT\WiFiPPT.csproj", "{27792825-B7C0-4206-8027-8F6BA2646E29}"
EndProject
Global
	GlobalSection(SolutionConfigurationPlatforms) = preSolution
		Debug|Any CPU = Debug|Any CPU
		Release|Any CPU = Release|Any CPU
	EndGlobalSection
	GlobalSection(ProjectConfigurationPlatforms) = postSolution
		{27792825-B7C0-4206-8027-8F6BA2646E29}.Debug|Any CPU.ActiveCfg = Debug|Any CPU
		{27792825-B7C0-4206-8027-8F6BA2646E29}.Debug|Any CPU.Build.0 = Debug|Any CPU
		{27792825-B7C0-4206-8027-8F6BA2646E29}.Release|Any CPU.ActiveCfg = Release|Any CPU
		{27792825-B7C0-4206-8027-8F6BA2646E29}.Release|Any CPU.Build.0 = Release|Any CPU
	EndGlobalSection
	GlobalSection(SolutionProperties) = preSolution
		HideSolutionNode = FALSE
	EndGlobalSection
EndGlobal
